
Microsoft Visual Studio Solution File, Format Version 12.00
# Visual Studio Version 16
VisualStudioVersion = 16.0.30011.22
MinimumVisualStudioVersion = 10.0.40219.1
Project("{FAE04EC0-301F-11D3-BF4B-00C04F79EFBC}") = "BTInventorySize", "BTInventorySize\BTInventorySize.csproj", "{1FE62683-9B86-42C7-91AC-11E660591669}"
EndProject
Global
	GlobalSection(SolutionConfigurationPlatforms) = preSolution
		Debug|Any CPU = Debug|Any CPU
		Release|Any CPU = Release|Any CPU
	EndGlobalSection
	GlobalSection(ProjectConfigurationPlatforms) = postSolution
		{1FE62683-9B86-42C7-91AC-11E660591669}.Debug|Any CPU.ActiveCfg = Debug|Any CPU
		{1FE62683-9B86-42C7-91AC-11E660591669}.Debug|Any CPU.Build.0 = Debug|Any CPU
		{1FE62683-9B86-42C7-91AC-11E660591669}.Release|Any CPU.ActiveCfg = Release|Any CPU
		{1FE62683-9B86-42C7-91AC-11E660591669}.Release|Any CPU.Build.0 = Release|Any CPU
	EndGlobalSection
	GlobalSection(SolutionProperties) = preSolution
		HideSolutionNode = FALSE
	EndGlobalSection
	GlobalSection(ExtensibilityGlobals) = postSolution
		SolutionGuid = {23D87BE0-7A5E-449D-8CD5-E367B1AA8B50}
	EndGlobalSection
EndGlobal
